// !$*UTF8*$!
{
	archiveVersion = 1;
	classes = {
	};
	objectVersion = 46;
	objects = {

/* Begin PBXBuildFile section */
		1210F9C218BB8290009843C0 /* Foundation.framework in Frameworks */ = {isa = PBXBuildFile; fileRef = 1210F9C118BB8290009843C0 /* Foundation.framework */; };
		1210F9C418BB8290009843C0 /* CoreGraphics.framework in Frameworks */ = {isa = PBXBuildFile; fileRef = 1210F9C318BB8290009843C0 /* CoreGraphics.framework */; };
		1210F9C618BB8290009843C0 /* UIKit.framework in Frameworks */ = {isa = PBXBuildFile; fileRef = 1210F9C518BB8290009843C0 /* UIKit.framework */; };
		1210F9CC18BB8290009843C0 /* InfoPlist.strings in Resources */ = {isa = PBXBuildFile; fileRef = 1210F9CA18BB8290009843C0 /* InfoPlist.strings */; };
		1210F9CE18BB8290009843C0 /* main.m in Sources */ = {isa = PBXBuildFile; fileRef = 1210F9CD18BB8290009843C0 /* main.m */; };
		1210F9D218BB8290009843C0 /* AppDelegate.m in Sources */ = {isa = PBXBuildFile; fileRef = 1210F9D118BB8290009843C0 /* AppDelegate.m */; };
		1210F9D518BB8290009843C0 /* Main_iPhone.storyboard in Resources */ = {isa = PBXBuildFile; fileRef = 1210F9D318BB8290009843C0 /* Main_iPhone.storyboard */; };
		1210F9D818BB8290009843C0 /* Main_iPad.storyboard in Resources */ = {isa = PBXBuildFile; fileRef = 1210F9D618BB8290009843C0 /* Main_iPad.storyboard */; };
		1210F9DB18BB8290009843C0 /* ViewController.m in Sources */ = {isa = PBXBuildFile; fileRef = 1210F9DA18BB8290009843C0 /* ViewController.m */; };
		1210F9DD18BB8290009843C0 /* Images.xcassets in Resources */ = {isa = PBXBuildFile; fileRef = 1210F9DC18BB8290009843C0 /* Images.xcassets */; };
		1210F9E418BB8290009843C0 /* XCTest.framework in Frameworks */ = {isa = PBXBuildFile; fileRef = 1210F9E318BB8290009843C0 /* XCTest.framework */; };
		1210F9E518BB8290009843C0 /* Foundation.framework in Frameworks */ = {isa = PBXBuildFile; fileRef = 1210F9C118BB8290009843C0 /* Foundation.framework */; };
		1210F9E618BB8290009843C0 /* UIKit.framework in Frameworks */ = {isa = PBXBuildFile; fileRef = 1210F9C518BB8290009843C0 /* UIKit.framework */; };
		1210F9EE18BB8290009843C0 /* InfoPlist.strings in Resources */ = {isa = PBXBuildFile; fileRef = 1210F9EC18BB8290009843C0 /* InfoPlist.strings */; };
		1210F9F018BB8290009843C0 /* MaterialsTests.m in Sources */ = {isa = PBXBuildFile; fileRef = 1210F9EF18BB8290009843C0 /* MaterialsTests.m */; };
		1210FA1118BB835B009843C0 /* NSAlert+MKNetworkKitAdditions.m in Sources */ = {isa = PBXBuildFile; fileRef = 1210F9FC18BB835B009843C0 /* NSAlert+MKNetworkKitAdditions.m */; };
		1210FA1218BB835B009843C0 /* NSData+MKBase64.m in Sources */ = {isa = PBXBuildFile; fileRef = 1210F9FE18BB835B009843C0 /* NSData+MKBase64.m */; };
		1210FA1318BB835B009843C0 /* NSDate+RFC1123.m in Sources */ = {isa = PBXBuildFile; fileRef = 1210FA0018BB835B009843C0 /* NSDate+RFC1123.m */; };
		1210FA1418BB835B009843C0 /* NSDictionary+RequestEncoding.m in Sources */ = {isa = PBXBuildFile; fileRef = 1210FA0218BB835B009843C0 /* NSDictionary+RequestEncoding.m */; };
		1210FA1518BB835B009843C0 /* NSString+MKNetworkKitAdditions.m in Sources */ = {isa = PBXBuildFile; fileRef = 1210FA0418BB835B009843C0 /* NSString+MKNetworkKitAdditions.m */; };
		1210FA1618BB835B009843C0 /* UIAlertView+MKNetworkKitAdditions.m in Sources */ = {isa = PBXBuildFile; fileRef = 1210FA0618BB835B009843C0 /* UIAlertView+MKNetworkKitAdditions.m */; };
		1210FA1718BB835B009843C0 /* UIImageView+MKNetworkKitAdditions.m in Sources */ = {isa = PBXBuildFile; fileRef = 1210FA0818BB835B009843C0 /* UIImageView+MKNetworkKitAdditions.m */; };
		1210FA1818BB835B009843C0 /* MKNetworkEngine.m in Sources */ = {isa = PBXBuildFile; fileRef = 1210FA0A18BB835B009843C0 /* MKNetworkEngine.m */; };
		1210FA1918BB835B009843C0 /* MKNetworkOperation.m in Sources */ = {isa = PBXBuildFile; fileRef = 1210FA0D18BB835B009843C0 /* MKNetworkOperation.m */; };
		1210FA1A18BB835B009843C0 /* Reachability.m in Sources */ = {isa = PBXBuildFile; fileRef = 1210FA1018BB835B009843C0 /* Reachability.m */; };
		1210FA1C18BB836C009843C0 /* CFNetwork.framework in Frameworks */ = {isa = PBXBuildFile; fileRef = 1210FA1B18BB836C009843C0 /* CFNetwork.framework */; };
		1210FA1E18BB837C009843C0 /* SystemConfiguration.framework in Frameworks */ = {isa = PBXBuildFile; fileRef = 1210FA1D18BB837C009843C0 /* SystemConfiguration.framework */; };
		1210FA2018BB838A009843C0 /* Security.framework in Frameworks */ = {isa = PBXBuildFile; fileRef = 1210FA1F18BB838A009843C0 /* Security.framework */; };
/* End PBXBuildFile section */

/* Begin PBXContainerItemProxy section */
		1210F9E718BB8290009843C0 /* PBXContainerItemProxy */ = {
			isa = PBXContainerItemProxy;
			containerPortal = 1210F9B618BB8290009843C0 /* Project object */;
			proxyType = 1;
			remoteGlobalIDString = 1210F9BD18BB8290009843C0;
			remoteInfo = Materials;
		};
/* End PBXContainerItemProxy section */

/* Begin PBXFileReference section */
		1210F9BE18BB8290009843C0 /* Materials.app */ = {isa = PBXFileReference; explicitFileType = wrapper.application; includeInIndex = 0; path = Materials.app; sourceTree = BUILT_PRODUCTS_DIR; };
		1210F9C118BB8290009843C0 /* Foundation.framework */ = {isa = PBXFileReference; lastKnownFileType = wrapper.framework; name = Foundation.framework; path = System/Library/Frameworks/Foundation.framework; sourceTree = SDKROOT; };
		1210F9C318BB8290009843C0 /* CoreGraphics.framework */ = {isa = PBXFileReference; lastKnownFileType = wrapper.framework; name = CoreGraphics.framework; path = System/Library/Frameworks/CoreGraphics.framework; sourceTree = SDKROOT; };
		1210F9C518BB8290009843C0 /* UIKit.framework */ = {isa = PBXFileReference; lastKnownFileType = wrapper.framework; name = UIKit.framework; path = System/Library/Frameworks/UIKit.framework; sourceTree = SDKROOT; };
		1210F9C918BB8290009843C0 /* Materials-Info.plist */ = {isa = PBXFileReference; lastKnownFileType = text.plist.xml; path = "Materials-Info.plist"; sourceTree = "<group>"; };
		1210F9CB18BB8290009843C0 /* en */ = {isa = PBXFileReference; lastKnownFileType = text.plist.strings; name = en; path = en.lproj/InfoPlist.strings; sourceTree = "<group>"; };
		1210F9CD18BB8290009843C0 /* main.m */ = {isa = PBXFileReference; lastKnownFileType = sourcecode.c.objc; path = main.m; sourceTree = "<group>"; };
		1210F9CF18BB8290009843C0 /* Materials-Prefix.pch */ = {isa = PBXFileReference; lastKnownFileType = sourcecode.c.h; path = "Materials-Prefix.pch"; sourceTree = "<group>"; };
		1210F9D018BB8290009843C0 /* AppDelegate.h */ = {isa = PBXFileReference; lastKnownFileType = sourcecode.c.h; path = AppDelegate.h; sourceTree = "<group>"; };
		1210F9D118BB8290009843C0 /* AppDelegate.m */ = {isa = PBXFileReference; lastKnownFileType = sourcecode.c.objc; path = AppDelegate.m; sourceTree = "<group>"; };
		1210F9D418BB8290009843C0 /* Base */ = {isa = PBXFileReference; lastKnownFileType = file.storyboard; name = Base; path = Base.lproj/Main_iPhone.storyboard; sourceTree = "<group>"; };
		1210F9D718BB8290009843C0 /* Base */ = {isa = PBXFileReference; lastKnownFileType = file.storyboard; name = Base; path = Base.lproj/Main_iPad.storyboard; sourceTree = "<group>"; };
		1210F9D918BB8290009843C0 /* ViewController.h */ = {isa = PBXFileReference; lastKnownFileType = sourcecode.c.h; path = ViewController.h; sourceTree = "<group>"; };
		1210F9DA18BB8290009843C0 /* ViewController.m */ = {isa = PBXFileReference; lastKnownFileType = sourcecode.c.objc; path = ViewController.m; sourceTree = "<group>"; };
		1210F9DC18BB8290009843C0 /* Images.xcassets */ = {isa = PBXFileReference; lastKnownFileType = folder.assetcatalog; path = Images.xcassets; sourceTree = "<group>"; };
		1210F9E218BB8290009843C0 /* MaterialsTests.xctest */ = {isa = PBXFileReference; explicitFileType = wrapper.cfbundle; includeInIndex = 0; path = MaterialsTests.xctest; sourceTree = BUILT_PRODUCTS_DIR; };
		1210F9E318BB8290009843C0 /* XCTest.framework */ = {isa = PBXFileReference; lastKnownFileType = wrapper.framework; name = XCTest.framework; path = Library/Frameworks/XCTest.framework; sourceTree = DEVELOPER_DIR; };
		1210F9EB18BB8290009843C0 /* MaterialsTests-Info.plist */ = {isa = PBXFileReference; lastKnownFileType = text.plist.xml; path = "MaterialsTests-Info.plist"; sourceTree = "<group>"; };
		1210F9ED18BB8290009843C0 /* en */ = {isa = PBXFileReference; lastKnownFileType = text.plist.strings; name = en; path = en.lproj/InfoPlist.strings; sourceTree = "<group>"; };
		1210F9EF18BB8290009843C0 /* MaterialsTests.m */ = {isa = PBXFileReference; lastKnownFileType = sourcecode.c.objc; path = MaterialsTests.m; sourceTree = "<group>"; };
		1210F9FB18BB835B009843C0 /* NSAlert+MKNetworkKitAdditions.h */ = {isa = PBXFileReference; fileEncoding = 4; lastKnownFileType = sourcecode.c.h; path = "NSAlert+MKNetworkKitAdditions.h"; sourceTree = "<group>"; };
		1210F9FC18BB835B009843C0 /* NSAlert+MKNetworkKitAdditions.m */ = {isa = PBXFileReference; fileEncoding = 4; lastKnownFileType = sourcecode.c.objc; path = "NSAlert+MKNetworkKitAdditions.m"; sourceTree = "<group>"; };
		1210F9FD18BB835B009843C0 /* NSData+MKBase64.h */ = {isa = PBXFileReference; fileEncoding = 4; lastKnownFileType = sourcecode.c.h; path = "NSData+MKBase64.h"; sourceTree = "<group>"; };
		1210F9FE18BB835B009843C0 /* NSData+MKBase64.m */ = {isa = PBXFileReference; fileEncoding = 4; lastKnownFileType = sourcecode.c.objc; path = "NSData+MKBase64.m"; sourceTree = "<group>"; };
		1210F9FF18BB835B009843C0 /* NSDate+RFC1123.h */ = {isa = PBXFileReference; fileEncoding = 4; lastKnownFileType = sourcecode.c.h; path = "NSDate+RFC1123.h"; sourceTree = "<group>"; };
		1210FA0018BB835B009843C0 /* NSDate+RFC1123.m */ = {isa = PBXFileReference; fileEncoding = 4; lastKnownFileType = sourcecode.c.objc; path = "NSDate+RFC1123.m"; sourceTree = "<group>"; };
		1210FA0118BB835B009843C0 /* NSDictionary+RequestEncoding.h */ = {isa = PBXFileReference; fileEncoding = 4; lastKnownFileType = sourcecode.c.h; path = "NSDictionary+RequestEncoding.h"; sourceTree = "<group>"; };
		1210FA0218BB835B009843C0 /* NSDictionary+RequestEncoding.m */ = {isa = PBXFileReference; fileEncoding = 4; lastKnownFileType = sourcecode.c.objc; path = "NSDictionary+RequestEncoding.m"; sourceTree = "<group>"; };
		1210FA0318BB835B009843C0 /* NSString+MKNetworkKitAdditions.h */ = {isa = PBXFileReference; fileEncoding = 4; lastKnownFileType = sourcecode.c.h; path = "NSString+MKNetworkKitAdditions.h"; sourceTree = "<group>"; };
		1210FA0418BB835B009843C0 /* NSString+MKNetworkKitAdditions.m */ = {isa = PBXFileReference; fileEncoding = 4; lastKnownFileType = sourcecode.c.objc; path = "NSString+MKNetworkKitAdditions.m"; sourceTree = "<group>"; };
		1210FA0518BB835B009843C0 /* UIAlertView+MKNetworkKitAdditions.h */ = {isa = PBXFileReference; fileEncoding = 4; lastKnownFileType = sourcecode.c.h; path = "UIAlertView+MKNetworkKitAdditions.h"; sourceTree = "<group>"; };
		1210FA0618BB835B009843C0 /* UIAlertView+MKNetworkKitAdditions.m */ = {isa = PBXFileReference; fileEncoding = 4; lastKnownFileType = sourcecode.c.objc; path = "UIAlertView+MKNetworkKitAdditions.m"; sourceTree = "<group>"; };
		1210FA0718BB835B009843C0 /* UIImageView+MKNetworkKitAdditions.h */ = {isa = PBXFileReference; fileEncoding = 4; lastKnownFileType = sourcecode.c.h; path = "UIImageView+MKNetworkKitAdditions.h"; sourceTree = "<group>"; };
		1210FA0818BB835B009843C0 /* UIImageView+MKNetworkKitAdditions.m */ = {isa = PBXFileReference; fileEncoding = 4; lastKnownFileType = sourcecode.c.objc; path = "UIImageView+MKNetworkKitAdditions.m"; sourceTree = "<group>"; };
		1210FA0918BB835B009843C0 /* MKNetworkEngine.h */ = {isa = PBXFileReference; fileEncoding = 4; lastKnownFileType = sourcecode.c.h; path = MKNetworkEngine.h; sourceTree = "<group>"; };
		1210FA0A18BB835B009843C0 /* MKNetworkEngine.m */ = {isa = PBXFileReference; fileEncoding = 4; lastKnownFileType = sourcecode.c.objc; path = MKNetworkEngine.m; sourceTree = "<group>"; };
		1210FA0B18BB835B009843C0 /* MKNetworkKit.h */ = {isa = PBXFileReference; fileEncoding = 4; lastKnownFileType = sourcecode.c.h; path = MKNetworkKit.h; sourceTree = "<group>"; };
		1210FA0C18BB835B009843C0 /* MKNetworkOperation.h */ = {isa = PBXFileReference; fileEncoding = 4; lastKnownFileType = sourcecode.c.h; path = MKNetworkOperation.h; sourceTree = "<group>"; };
		1210FA0D18BB835B009843C0 /* MKNetworkOperation.m */ = {isa = PBXFileReference; fileEncoding = 4; lastKnownFileType = sourcecode.c.objc; path = MKNetworkOperation.m; sourceTree = "<group>"; };
		1210FA0F18BB835B009843C0 /* Reachability.h */ = {isa = PBXFileReference; fileEncoding = 4; lastKnownFileType = sourcecode.c.h; path = Reachability.h; sourceTree = "<group>"; };
		1210FA1018BB835B009843C0 /* Reachability.m */ = {isa = PBXFileReference; fileEncoding = 4; lastKnownFileType = sourcecode.c.objc; path = Reachability.m; sourceTree = "<group>"; };
		1210FA1B18BB836C009843C0 /* CFNetwork.framework */ = {isa = PBXFileReference; lastKnownFileType = wrapper.framework; name = CFNetwork.framework; path = System/Library/Frameworks/CFNetwork.framework; sourceTree = SDKROOT; };
		1210FA1D18BB837C009843C0 /* SystemConfiguration.framework */ = {isa = PBXFileReference; lastKnownFileType = wrapper.framework; name = SystemConfiguration.framework; path = System/Library/Frameworks/SystemConfiguration.framework; sourceTree = SDKROOT; };
		1210FA1F18BB838A009843C0 /* Security.framework */ = {isa = PBXFileReference; lastKnownFileType = wrapper.framework; name = Security.framework; path = System/Library/Frameworks/Security.framework; sourceTree = SDKROOT; };
/* End PBXFileReference section */

/* Begin PBXFrameworksBuildPhase section */
		1210F9BB18BB8290009843C0 /* Frameworks */ = {
			isa = PBXFrameworksBuildPhase;
			buildActionMask = 2147483647;
			files = (
				1210FA2018BB838A009843C0 /* Security.framework in Frameworks */,
				1210FA1E18BB837C009843C0 /* SystemConfiguration.framework in Frameworks */,
				1210FA1C18BB836C009843C0 /* CFNetwork.framework in Frameworks */,
				1210F9C418BB8290009843C0 /* CoreGraphics.framework in Frameworks */,
				1210F9C618BB8290009843C0 /* UIKit.framework in Frameworks */,
				1210F9C218BB8290009843C0 /* Foundation.framework in Frameworks */,
			);
			runOnlyForDeploymentPostprocessing = 0;
		};
		1210F9DF18BB8290009843C0 /* Frameworks */ = {
			isa = PBXFrameworksBuildPhase;
			buildActionMask = 2147483647;
			files = (
				1210F9E418BB8290009843C0 /* XCTest.framework in Frameworks */,
				1210F9E618BB8290009843C0 /* UIKit.framework in Frameworks */,
				1210F9E518BB8290009843C0 /* Foundation.framework in Frameworks */,
			);
			runOnlyForDeploymentPostprocessing = 0;
		};
/* End PBXFrameworksBuildPhase section */

/* Begin PBXGroup section */
		1210F9B518BB8290009843C0 = {
			isa = PBXGroup;
			children = (
				1210F9C718BB8290009843C0 /* Materials */,
				1210F9E918BB8290009843C0 /* MaterialsTests */,
				1210F9C018BB8290009843C0 /* Frameworks */,
				1210F9BF18BB8290009843C0 /* Products */,
			);
			sourceTree = "<group>";
		};
		1210F9BF18BB8290009843C0 /* Products */ = {
			isa = PBXGroup;
			children = (
				1210F9BE18BB8290009843C0 /* Materials.app */,
				1210F9E218BB8290009843C0 /* MaterialsTests.xctest */,
			);
			name = Products;
			sourceTree = "<group>";
		};
		1210F9C018BB8290009843C0 /* Frameworks */ = {
			isa = PBXGroup;
			children = (
				1210FA1F18BB838A009843C0 /* Security.framework */,
				1210FA1D18BB837C009843C0 /* SystemConfiguration.framework */,
				1210FA1B18BB836C009843C0 /* CFNetwork.framework */,
				1210F9C118BB8290009843C0 /* Foundation.framework */,
				1210F9C318BB8290009843C0 /* CoreGraphics.framework */,
				1210F9C518BB8290009843C0 /* UIKit.framework */,
				1210F9E318BB8290009843C0 /* XCTest.framework */,
			);
			name = Frameworks;
			sourceTree = "<group>";
		};
		1210F9C718BB8290009843C0 /* Materials */ = {
			isa = PBXGroup;
			children = (
				1210F9F918BB835B009843C0 /* MKNetworkKit */,
				1210F9D018BB8290009843C0 /* AppDelegate.h */,
				1210F9D118BB8290009843C0 /* AppDelegate.m */,
				1210F9D318BB8290009843C0 /* Main_iPhone.storyboard */,
				1210F9D618BB8290009843C0 /* Main_iPad.storyboard */,
				1210F9D918BB8290009843C0 /* ViewController.h */,
				1210F9DA18BB8290009843C0 /* ViewController.m */,
				1210F9DC18BB8290009843C0 /* Images.xcassets */,
				1210F9C818BB8290009843C0 /* Supporting Files */,
			);
			path = Materials;
			sourceTree = "<group>";
		};
		1210F9C818BB8290009843C0 /* Supporting Files */ = {
			isa = PBXGroup;
			children = (
				1210F9C918BB8290009843C0 /* Materials-Info.plist */,
				1210F9CA18BB8290009843C0 /* InfoPlist.strings */,
				1210F9CD18BB8290009843C0 /* main.m */,
				1210F9CF18BB8290009843C0 /* Materials-Prefix.pch */,
			);
			name = "Supporting Files";
			sourceTree = "<group>";
		};
		1210F9E918BB8290009843C0 /* MaterialsTests */ = {
			isa = PBXGroup;
			children = (
				1210F9EF18BB8290009843C0 /* MaterialsTests.m */,
				1210F9EA18BB8290009843C0 /* Supporting Files */,
			);
			path = MaterialsTests;
			sourceTree = "<group>";
		};
		1210F9EA18BB8290009843C0 /* Supporting Files */ = {
			isa = PBXGroup;
			children = (
				1210F9EB18BB8290009843C0 /* MaterialsTests-Info.plist */,
				1210F9EC18BB8290009843C0 /* InfoPlist.strings */,
			);
			name = "Supporting Files";
			sourceTree = "<group>";
		};
		1210F9F918BB835B009843C0 /* MKNetworkKit */ = {
			isa = PBXGroup;
			children = (
				1210F9FA18BB835B009843C0 /* Categories */,
				1210FA0918BB835B009843C0 /* MKNetworkEngine.h */,
				1210FA0A18BB835B009843C0 /* MKNetworkEngine.m */,
				1210FA0B18BB835B009843C0 /* MKNetworkKit.h */,
				1210FA0C18BB835B009843C0 /* MKNetworkOperation.h */,
				1210FA0D18BB835B009843C0 /* MKNetworkOperation.m */,
				1210FA0E18BB835B009843C0 /* Reachability */,
			);
			path = MKNetworkKit;
			sourceTree = "<group>";
		};
		1210F9FA18BB835B009843C0 /* Categories */ = {
			isa = PBXGroup;
			children = (
				1210F9FB18BB835B009843C0 /* NSAlert+MKNetworkKitAdditions.h */,
				1210F9FC18BB835B009843C0 /* NSAlert+MKNetworkKitAdditions.m */,
				1210F9FD18BB835B009843C0 /* NSData+MKBase64.h */,
				1210F9FE18BB835B009843C0 /* NSData+MKBase64.m */,
				1210F9FF18BB835B009843C0 /* NSDate+RFC1123.h */,
				1210FA0018BB835B009843C0 /* NSDate+RFC1123.m */,
				1210FA0118BB835B009843C0 /* NSDictionary+RequestEncoding.h */,
				1210FA0218BB835B009843C0 /* NSDictionary+RequestEncoding.m */,
				1210FA0318BB835B009843C0 /* NSString+MKNetworkKitAdditions.h */,
				1210FA0418BB835B009843C0 /* NSString+MKNetworkKitAdditions.m */,
				1210FA0518BB835B009843C0 /* UIAlertView+MKNetworkKitAdditions.h */,
				1210FA0618BB835B009843C0 /* UIAlertView+MKNetworkKitAdditions.m */,
				1210FA0718BB835B009843C0 /* UIImageView+MKNetworkKitAdditions.h */,
				1210FA0818BB835B009843C0 /* UIImageView+MKNetworkKitAdditions.m */,
			);
			path = Categories;
			sourceTree = "<group>";
		};
		1210FA0E18BB835B009843C0 /* Reachability */ = {
			isa = PBXGroup;
			children = (
				1210FA0F18BB835B009843C0 /* Reachability.h */,
				1210FA1018BB835B009843C0 /* Reachability.m */,
			);
			path = Reachability;
			sourceTree = "<group>";
		};
/* End PBXGroup section */

/* Begin PBXNativeTarget section */
		1210F9BD18BB8290009843C0 /* Materials */ = {
			isa = PBXNativeTarget;
			buildConfigurationList = 1210F9F318BB8290009843C0 /* Build configuration list for PBXNativeTarget "Materials" */;
			buildPhases = (
				1210F9BA18BB8290009843C0 /* Sources */,
				1210F9BB18BB8290009843C0 /* Frameworks */,
				1210F9BC18BB8290009843C0 /* Resources */,
			);
			buildRules = (
			);
			dependencies = (
			);
			name = Materials;
			productName = Materials;
			productReference = 1210F9BE18BB8290009843C0 /* Materials.app */;
			productType = "com.apple.product-type.application";
		};
		1210F9E118BB8290009843C0 /* MaterialsTests */ = {
			isa = PBXNativeTarget;
			buildConfigurationList = 1210F9F618BB8290009843C0 /* Build configuration list for PBXNativeTarget "MaterialsTests" */;
			buildPhases = (
				1210F9DE18BB8290009843C0 /* Sources */,
				1210F9DF18BB8290009843C0 /* Frameworks */,
				1210F9E018BB8290009843C0 /* Resources */,
			);
			buildRules = (
			);
			dependencies = (
				1210F9E818BB8290009843C0 /* PBXTargetDependency */,
			);
			name = MaterialsTests;
			productName = MaterialsTests;
			productReference = 1210F9E218BB8290009843C0 /* MaterialsTests.xctest */;
			productType = "com.apple.product-type.bundle.unit-test";
		};
/* End PBXNativeTarget section */

/* Begin PBXProject section */
		1210F9B618BB8290009843C0 /* Project object */ = {
			isa = PBXProject;
			attributes = {
				LastUpgradeCheck = 0500;
				ORGANIZATIONNAME = "Kaven Feng";
				TargetAttributes = {
					1210F9E118BB8290009843C0 = {
						TestTargetID = 1210F9BD18BB8290009843C0;
					};
				};
			};
			buildConfigurationList = 1210F9B918BB8290009843C0 /* Build configuration list for PBXProject "Materials" */;
			compatibilityVersion = "Xcode 3.2";
			developmentRegion = English;
			hasScannedForEncodings = 0;
			knownRegions = (
				en,
				Base,
			);
			mainGroup = 1210F9B518BB8290009843C0;
			productRefGroup = 1210F9BF18BB8290009843C0 /* Products */;
			projectDirPath = "";
			projectRoot = "";
			targets = (
				1210F9BD18BB8290009843C0 /* Materials */,
				1210F9E118BB8290009843C0 /* MaterialsTests */,
			);
		};
/* End PBXProject section */

/* Begin PBXResourcesBuildPhase section */
		1210F9BC18BB8290009843C0 /* Resources */ = {
			isa = PBXResourcesBuildPhase;
			buildActionMask = 2147483647;
			files = (
				1210F9D818BB8290009843C0 /* Main_iPad.storyboard in Resources */,
				1210F9DD18BB8290009843C0 /* Images.xcassets in Resources */,
				1210F9D518BB8290009843C0 /* Main_iPhone.storyboard in Resources */,
				1210F9CC18BB8290009843C0 /* InfoPlist.strings in Resources */,
			);
			runOnlyForDeploymentPostprocessing = 0;
		};
		1210F9E018BB8290009843C0 /* Resources */ = {
			isa = PBXResourcesBuildPhase;
			buildActionMask = 2147483647;
			files = (
				1210F9EE18BB8290009843C0 /* InfoPlist.strings in Resources */,
			);
			runOnlyForDeploymentPostprocessing = 0;
		};
/* End PBXResourcesBuildPhase section */

/* Begin PBXSourcesBuildPhase section */
		1210F9BA18BB8290009843C0 /* Sources */ = {
			isa = PBXSourcesBuildPhase;
			buildActionMask = 2147483647;
			files = (
				1210FA1A18BB835B009843C0 /* Reachability.m in Sources */,
				1210F9DB18BB8290009843C0 /* ViewController.m in Sources */,
				1210FA1818BB835B009843C0 /* MKNetworkEngine.m in Sources */,
				1210FA1418BB835B009843C0 /* NSDictionary+RequestEncoding.m in Sources */,
				1210F9D218BB8290009843C0 /* AppDelegate.m in Sources */,
				1210FA1218BB835B009843C0 /* NSData+MKBase64.m in Sources */,
				1210F9CE18BB8290009843C0 /* main.m in Sources */,
				1210FA1918BB835B009843C0 /* MKNetworkOperation.m in Sources */,
				1210FA1618BB835B009843C0 /* UIAlertView+MKNetworkKitAdditions.m in Sources */,
				1210FA1718BB835B009843C0 /* UIImageView+MKNetworkKitAdditions.m in Sources */,
				1210FA1118BB835B009843C0 /* NSAlert+MKNetworkKitAdditions.m in Sources */,
				1210FA1518BB835B009843C0 /* NSString+MKNetworkKitAdditions.m in Sources */,
				1210FA1318BB835B009843C0 /* NSDate+RFC1123.m in Sources */,
			);
			runOnlyForDeploymentPostprocessing = 0;
		};
		1210F9DE18BB8290009843C0 /* Sources */ = {
			isa = PBXSourcesBuildPhase;
			buildActionMask = 2147483647;
			files = (
				1210F9F018BB8290009843C0 /* MaterialsTests.m in Sources */,
			);
			runOnlyForDeploymentPostprocessing = 0;
		};
/* End PBXSourcesBuildPhase section */

/* Begin PBXTargetDependency section */
		1210F9E818BB8290009843C0 /* PBXTargetDependency */ = {
			isa = PBXTargetDependency;
			target = 1210F9BD18BB8290009843C0 /* Materials */;
			targetProxy = 1210F9E718BB8290009843C0 /* PBXContainerItemProxy */;
		};
/* End PBXTargetDependency section */

/* Begin PBXVariantGroup section */
		1210F9CA18BB8290009843C0 /* InfoPlist.strings */ = {
			isa = PBXVariantGroup;
			children = (
				1210F9CB18BB8290009843C0 /* en */,
			);
			name = InfoPlist.strings;
			sourceTree = "<group>";
		};
		1210F9D318BB8290009843C0 /* Main_iPhone.storyboard */ = {
			isa = PBXVariantGroup;
			children = (
				1210F9D418BB8290009843C0 /* Base */,
			);
			name = Main_iPhone.storyboard;
			sourceTree = "<group>";
		};
		1210F9D618BB8290009843C0 /* Main_iPad.storyboard */ = {
			isa = PBXVariantGroup;
			children = (
				1210F9D718BB8290009843C0 /* Base */,
			);
			name = Main_iPad.storyboard;
			sourceTree = "<group>";
		};
		1210F9EC18BB8290009843C0 /* InfoPlist.strings */ = {
			isa = PBXVariantGroup;
			children = (
				1210F9ED18BB8290009843C0 /* en */,
			);
			name = InfoPlist.strings;
			sourceTree = "<group>";
		};
/* End PBXVariantGroup section */

/* Begin XCBuildConfiguration section */
		1210F9F118BB8290009843C0 /* Debug */ = {
			isa = XCBuildConfiguration;
			buildSettings = {
				ALWAYS_SEARCH_USER_PATHS = NO;
				ARCHS = "$(ARCHS_STANDARD_INCLUDING_64_BIT)";
				CLANG_CXX_LANGUAGE_STANDARD = "gnu++0x";
				CLANG_CXX_LIBRARY = "libc++";
				CLANG_ENABLE_MODULES = YES;
				CLANG_ENABLE_OBJC_ARC = YES;
				CLANG_WARN_BOOL_CONVERSION = YES;
				CLANG_WARN_CONSTANT_CONVERSION = YES;
				CLANG_WARN_DIRECT_OBJC_ISA_USAGE = YES_ERROR;
				CLANG_WARN_EMPTY_BODY = YES;
				CLANG_WARN_ENUM_CONVERSION = YES;
				CLANG_WARN_INT_CONVERSION = YES;
				CLANG_WARN_OBJC_ROOT_CLASS = YES_ERROR;
				CLANG_WARN__DUPLICATE_METHOD_MATCH = YES;
				"CODE_SIGN_IDENTITY[sdk=iphoneos*]" = "iPhone Developer";
				COPY_PHASE_STRIP = NO;
				GCC_C_LANGUAGE_STANDARD = gnu99;
				GCC_DYNAMIC_NO_PIC = NO;
				GCC_OPTIMIZATION_LEVEL = 0;
				GCC_PREPROCESSOR_DEFINITIONS = (
					"DEBUG=1",
					"$(inherited)",
				);
				GCC_SYMBOLS_PRIVATE_EXTERN = NO;
				GCC_WARN_64_TO_32_BIT_CONVERSION = YES;
				GCC_WARN_ABOUT_RETURN_TYPE = YES_ERROR;
				GCC_WARN_UNDECLARED_SELECTOR = YES;
				GCC_WARN_UNINITIALIZED_AUTOS = YES;
				GCC_WARN_UNUSED_FUNCTION = YES;
				GCC_WARN_UNUSED_VARIABLE = YES;
				IPHONEOS_DEPLOYMENT_TARGET = 7.0;
				ONLY_ACTIVE_ARCH = YES;
				SDKROOT = iphoneos;
				TARGETED_DEVICE_FAMILY = "1,2";
			};
			name = Debug;
		};
		1210F9F218BB8290009843C0 /* Release */ = {
			isa = XCBuildConfiguration;
			buildSettings = {
				ALWAYS_SEARCH_USER_PATHS = NO;
				ARCHS = "$(ARCHS_STANDARD_INCLUDING_64_BIT)";
				CLANG_CXX_LANGUAGE_STANDARD = "gnu++0x";
				CLANG_CXX_LIBRARY = "libc++";
				CLANG_ENABLE_MODULES = YES;
				CLANG_ENABLE_OBJC_ARC = YES;
				CLANG_WARN_BOOL_CONVERSION = YES;
				CLANG_WARN_CONSTANT_CONVERSION = YES;
				CLANG_WARN_DIRECT_OBJC_ISA_USAGE = YES_ERROR;
				CLANG_WARN_EMPTY_BODY = YES;
				CLANG_WARN_ENUM_CONVERSION = YES;
				CLANG_WARN_INT_CONVERSION = YES;
				CLANG_WARN_OBJC_ROOT_CLASS = YES_ERROR;
				CLANG_WARN__DUPLICATE_METHOD_MATCH = YES;
				"CODE_SIGN_IDENTITY[sdk=iphoneos*]" = "iPhone Developer";
				COPY_PHASE_STRIP = YES;
				ENABLE_NS_ASSERTIONS = NO;
				GCC_C_LANGUAGE_STANDARD = gnu99;
				GCC_WARN_64_TO_32_BIT_CONVERSION = YES;
				GCC_WARN_ABOUT_RETURN_TYPE = YES_ERROR;
				GCC_WARN_UNDECLARED_SELECTOR = YES;
				GCC_WARN_UNINITIALIZED_AUTOS = YES;
				GCC_WARN_UNUSED_FUNCTION = YES;
				GCC_WARN_UNUSED_VARIABLE = YES;
				IPHONEOS_DEPLOYMENT_TARGET = 7.0;
				SDKROOT = iphoneos;
				TARGETED_DEVICE_FAMILY = "1,2";
				VALIDATE_PRODUCT = YES;
			};
			name = Release;
		};
		1210F9F418BB8290009843C0 /* Debug */ = {
			isa = XCBuildConfiguration;
			buildSettings = {
				ASSETCATALOG_COMPILER_APPICON_NAME = AppIcon;
				ASSETCATALOG_COMPILER_LAUNCHIMAGE_NAME = LaunchImage;
				GCC_PRECOMPILE_PREFIX_HEADER = YES;
				GCC_PREFIX_HEADER = "Materials/Materials-Prefix.pch";
				INFOPLIST_FILE = "Materials/Materials-Info.plist";
				PRODUCT_NAME = "$(TARGET_NAME)";
				WRAPPER_EXTENSION = app;
			};
			name = Debug;
		};
		1210F9F518BB8290009843C0 /* Release */ = {
			isa = XCBuildConfiguration;
			buildSettings = {
				ASSETCATALOG_COMPILER_APPICON_NAME = AppIcon;
				ASSETCATALOG_COMPILER_LAUNCHIMAGE_NAME = LaunchImage;
				GCC_PRECOMPILE_PREFIX_HEADER = YES;
				GCC_PREFIX_HEADER = "Materials/Materials-Prefix.pch";
				INFOPLIST_FILE = "Materials/Materials-Info.plist";
				PRODUCT_NAME = "$(TARGET_NAME)";
				WRAPPER_EXTENSION = app;
			};
			name = Release;
		};
		1210F9F718BB8290009843C0 /* Debug */ = {
			isa = XCBuildConfiguration;
			buildSettings = {
				ARCHS = "$(ARCHS_STANDARD_INCLUDING_64_BIT)";
				BUNDLE_LOADER = "$(BUILT_PRODUCTS_DIR)/Materials.app/Materials";
				FRAMEWORK_SEARCH_PATHS = (
					"$(SDKROOT)/Developer/Library/Frameworks",
					"$(inherited)",
					"$(DEVELOPER_FRAMEWORKS_DIR)",
				);
				GCC_PRECOMPILE_PREFIX_HEADER = YES;
				GCC_PREFIX_HEADER = "Materials/Materials-Prefix.pch";
				GCC_PREPROCESSOR_DEFINITIONS = (
					"DEBUG=1",
					"$(inherited)",
				);
				INFOPLIST_FILE = "MaterialsTests/MaterialsTests-Info.plist";
				PRODUCT_NAME = "$(TARGET_NAME)";
				TEST_HOST = "$(BUNDLE_LOADER)";
				WRAPPER_EXTENSION = xctest;
			};
			name = Debug;
		};
		1210F9F818BB8290009843C0 /* Release */ = {
			isa = XCBuildConfiguration;
			buildSettings = {
				ARCHS = "$(ARCHS_STANDARD_INCLUDING_64_BIT)";
				BUNDLE_LOADER = "$(BUILT_PRODUCTS_DIR)/Materials.app/Materials";
				FRAMEWORK_SEARCH_PATHS = (
					"$(SDKROOT)/Developer/Library/Frameworks",
					"$(inherited)",
					"$(DEVELOPER_FRAMEWORKS_DIR)",
				);
				GCC_PRECOMPILE_PREFIX_HEADER = YES;
				GCC_PREFIX_HEADER = "Materials/Materials-Prefix.pch";
				INFOPLIST_FILE = "MaterialsTests/MaterialsTests-Info.plist";
				PRODUCT_NAME = "$(TARGET_NAME)";
				TEST_HOST = "$(BUNDLE_LOADER)";
				WRAPPER_EXTENSION = xctest;
			};
			name = Release;
		};
/* End XCBuildConfiguration section */

/* Begin XCConfigurationList section */
		1210F9B918BB8290009843C0 /* Build configuration list for PBXProject "Materials" */ = {
			isa = XCConfigurationList;
			buildConfigurations = (
				1210F9F118BB8290009843C0 /* Debug */,
				1210F9F218BB8290009843C0 /* Release */,
			);
			defaultConfigurationIsVisible = 0;
			defaultConfigurationName = Release;
		};
		1210F9F318BB8290009843C0 /* Build configuration list for PBXNativeTarget "Materials" */ = {
			isa = XCConfigurationList;
			buildConfigurations = (
				1210F9F418BB8290009843C0 /* Debug */,
				1210F9F518BB8290009843C0 /* Release */,
			);
			defaultConfigurationIsVisible = 0;
			defaultConfigurationName = Release;
		};
		1210F9F618BB8290009843C0 /* Build configuration list for PBXNativeTarget "MaterialsTests" */ = {
			isa = XCConfigurationList;
			buildConfigurations = (
				1210F9F718BB8290009843C0 /* Debug */,
				1210F9F818BB8290009843C0 /* Release */,
			);
			defaultConfigurationIsVisible = 0;
			defaultConfigurationName = Release;
		};
/* End XCConfigurationList section */
	};
	rootObject = 1210F9B618BB8290009843C0 /* Project object */;
}
